
Microsoft Visual Studio Solution File, Format Version 12.00
Project("{2150E333-8FDC-42A3-9474-1A3956D46DE8}") = "src", "src", "{3C1C0FCD-42AE-4298-A652-515080A670D8}"
EndProject
Project("{FAE04EC0-301F-11D3-BF4B-00C04F79EFBC}") = "DroneApp.Test", "src\DroneApp.Test\DroneApp.Test.csproj", "{69E6A3C6-9206-42F7-B938-9406AAD14D49}"
EndProject
Global
	GlobalSection(SolutionConfigurationPlatforms) = preSolution
		Debug|Any CPU = Debug|Any CPU
		Release|Any CPU = Release|Any CPU
	EndGlobalSection
	GlobalSection(NestedProjects) = preSolution
		{69E6A3C6-9206-42F7-B938-9406AAD14D49} = {3C1C0FCD-42AE-4298-A652-515080A670D8}
	EndGlobalSection
	GlobalSection(ProjectConfigurationPlatforms) = postSolution
		{69E6A3C6-9206-42F7-B938-9406AAD14D49}.Debug|Any CPU.ActiveCfg = Debug|Any CPU
		{69E6A3C6-9206-42F7-B938-9406AAD14D49}.Debug|Any CPU.Build.0 = Debug|Any CPU
		{69E6A3C6-9206-42F7-B938-9406AAD14D49}.Release|Any CPU.ActiveCfg = Release|Any CPU
		{69E6A3C6-9206-42F7-B938-9406AAD14D49}.Release|Any CPU.Build.0 = Release|Any CPU
	EndGlobalSection
EndGlobal
