
Microsoft Visual Studio Solution File, Format Version 12.00
# Visual Studio Version 16
Project("{2150E333-8FDC-42A3-9474-1A3956D46DE8}") = "src", "src", "{3C1C0FCD-42AE-4298-A652-515080A670D8}"
EndProject
Project("{2150E333-8FDC-42A3-9474-1A3956D46DE8}") = "Core", "Core", "{0B2AD2D3-0E48-4719-860A-ED5357DCC012}"
EndProject
Project("{2150E333-8FDC-42A3-9474-1A3956D46DE8}") = "Infrastructure", "Infrastructure", "{42905F39-BBEA-470F-B1EC-BB87AEC4D7A4}"
EndProject
Project("{2150E333-8FDC-42A3-9474-1A3956D46DE8}") = "Presentation", "Presentation", "{62F6A975-6F61-40B1-9424-9F3A79E29882}"
EndProject
Project("{2150E333-8FDC-42A3-9474-1A3956D46DE8}") = "Tests", "Tests", "{4BB42969-6A14-4204-AB7B-DFB4FF5EC75C}"
EndProject
Project("{FAE04EC0-301F-11D3-BF4B-00C04F79EFBC}") = "Domain", "src\Core\Domain\Domain.csproj", "{7FE522ED-6A85-439D-AA31-2D5FF5B2B037}"
EndProject
Project("{FAE04EC0-301F-11D3-BF4B-00C04F79EFBC}") = "Application", "src\Core\Application\Application.csproj", "{DD6438CC-8C8D-4187-93A3-AF89FC420431}"
EndProject
Project("{FAE04EC0-301F-11D3-BF4B-00C04F79EFBC}") = "Persistence", "src\Infrastructure\Persistence\Persistence.csproj", "{2227D733-6BC3-4F1B-A678-9EC2711AFA1F}"
EndProject
Project("{FAE04EC0-301F-11D3-BF4B-00C04F79EFBC}") = "API", "src\Presentation\API\API.csproj", "{6B0FE354-AE17-4DEB-BBA7-9CED21563E63}"
EndProject
Project("{FAE04EC0-301F-11D3-BF4B-00C04F79EFBC}") = "DroneApp.Test", "src\Tests\DroneApp.Test\DroneApp.Test.csproj", "{0DFF52DA-3FD9-4DF6-9491-2A34179E22A5}"
EndProject
Project("{E53339B2-1760-4266-BCC7-CA923CBCF16C}") = "docker-compose", "docker-compose.dcproj", "{C142A163-C8F8-455D-9F38-CD149B9619B2}"
EndProject
Global
	GlobalSection(SolutionConfigurationPlatforms) = preSolution
		Debug|Any CPU = Debug|Any CPU
		Release|Any CPU = Release|Any CPU
	EndGlobalSection
	GlobalSection(NestedProjects) = preSolution
		{0B2AD2D3-0E48-4719-860A-ED5357DCC012} = {3C1C0FCD-42AE-4298-A652-515080A670D8}
		{42905F39-BBEA-470F-B1EC-BB87AEC4D7A4} = {3C1C0FCD-42AE-4298-A652-515080A670D8}
		{62F6A975-6F61-40B1-9424-9F3A79E29882} = {3C1C0FCD-42AE-4298-A652-515080A670D8}
		{4BB42969-6A14-4204-AB7B-DFB4FF5EC75C} = {3C1C0FCD-42AE-4298-A652-515080A670D8}
		{7FE522ED-6A85-439D-AA31-2D5FF5B2B037} = {0B2AD2D3-0E48-4719-860A-ED5357DCC012}
		{DD6438CC-8C8D-4187-93A3-AF89FC420431} = {0B2AD2D3-0E48-4719-860A-ED5357DCC012}
		{2227D733-6BC3-4F1B-A678-9EC2711AFA1F} = {42905F39-BBEA-470F-B1EC-BB87AEC4D7A4}
		{6B0FE354-AE17-4DEB-BBA7-9CED21563E63} = {62F6A975-6F61-40B1-9424-9F3A79E29882}
		{0DFF52DA-3FD9-4DF6-9491-2A34179E22A5} = {4BB42969-6A14-4204-AB7B-DFB4FF5EC75C}
	EndGlobalSection
	GlobalSection(ProjectConfigurationPlatforms) = postSolution
		{7FE522ED-6A85-439D-AA31-2D5FF5B2B037}.Debug|Any CPU.ActiveCfg = Debug|Any CPU
		{7FE522ED-6A85-439D-AA31-2D5FF5B2B037}.Debug|Any CPU.Build.0 = Debug|Any CPU
		{7FE522ED-6A85-439D-AA31-2D5FF5B2B037}.Release|Any CPU.ActiveCfg = Release|Any CPU
		{7FE522ED-6A85-439D-AA31-2D5FF5B2B037}.Release|Any CPU.Build.0 = Release|Any CPU
		{DD6438CC-8C8D-4187-93A3-AF89FC420431}.Debug|Any CPU.ActiveCfg = Debug|Any CPU
		{DD6438CC-8C8D-4187-93A3-AF89FC420431}.Debug|Any CPU.Build.0 = Debug|Any CPU
		{DD6438CC-8C8D-4187-93A3-AF89FC420431}.Release|Any CPU.ActiveCfg = Release|Any CPU
		{DD6438CC-8C8D-4187-93A3-AF89FC420431}.Release|Any CPU.Build.0 = Release|Any CPU
		{2227D733-6BC3-4F1B-A678-9EC2711AFA1F}.Debug|Any CPU.ActiveCfg = Debug|Any CPU
		{2227D733-6BC3-4F1B-A678-9EC2711AFA1F}.Debug|Any CPU.Build.0 = Debug|Any CPU
		{2227D733-6BC3-4F1B-A678-9EC2711AFA1F}.Release|Any CPU.ActiveCfg = Release|Any CPU
		{2227D733-6BC3-4F1B-A678-9EC2711AFA1F}.Release|Any CPU.Build.0 = Release|Any CPU
		{6B0FE354-AE17-4DEB-BBA7-9CED21563E63}.Debug|Any CPU.ActiveCfg = Debug|Any CPU
		{6B0FE354-AE17-4DEB-BBA7-9CED21563E63}.Debug|Any CPU.Build.0 = Debug|Any CPU
		{6B0FE354-AE17-4DEB-BBA7-9CED21563E63}.Release|Any CPU.ActiveCfg = Release|Any CPU
		{6B0FE354-AE17-4DEB-BBA7-9CED21563E63}.Release|Any CPU.Build.0 = Release|Any CPU
		{0DFF52DA-3FD9-4DF6-9491-2A34179E22A5}.Debug|Any CPU.ActiveCfg = Debug|Any CPU
		{0DFF52DA-3FD9-4DF6-9491-2A34179E22A5}.Debug|Any CPU.Build.0 = Debug|Any CPU
		{0DFF52DA-3FD9-4DF6-9491-2A34179E22A5}.Release|Any CPU.ActiveCfg = Release|Any CPU
		{0DFF52DA-3FD9-4DF6-9491-2A34179E22A5}.Release|Any CPU.Build.0 = Release|Any CPU
		{C142A163-C8F8-455D-9F38-CD149B9619B2}.Debug|Any CPU.ActiveCfg = Debug|Any CPU
		{C142A163-C8F8-455D-9F38-CD149B9619B2}.Debug|Any CPU.Build.0 = Debug|Any CPU
		{C142A163-C8F8-455D-9F38-CD149B9619B2}.Release|Any CPU.ActiveCfg = Release|Any CPU
		{C142A163-C8F8-455D-9F38-CD149B9619B2}.Release|Any CPU.Build.0 = Release|Any CPU
	EndGlobalSection
EndGlobal
